
Microsoft Visual Studio Solution File, Format Version 12.00
# Visual Studio Version 17
VisualStudioVersion = 17.11.35312.102
MinimumVisualStudioVersion = 10.0.40219.1
Project("{FAE04EC0-301F-11D3-BF4B-00C04F79EFBC}") = "PhoneBook", "PhoneBook\PhoneBook.csproj", "{4A10A867-5EAD-40EB-B433-E25D721A65C5}"
EndProject
Global
	GlobalSection(SolutionConfigurationPlatforms) = preSolution
		Debug|Any CPU = Debug|Any CPU
		Release|Any CPU = Release|Any CPU
	EndGlobalSection
	GlobalSection(ProjectConfigurationPlatforms) = postSolution
		{4A10A867-5EAD-40EB-B433-E25D721A65C5}.Debug|Any CPU.ActiveCfg = Debug|Any CPU
		{4A10A867-5EAD-40EB-B433-E25D721A65C5}.Debug|Any CPU.Build.0 = Debug|Any CPU
		{4A10A867-5EAD-40EB-B433-E25D721A65C5}.Release|Any CPU.ActiveCfg = Release|Any CPU
		{4A10A867-5EAD-40EB-B433-E25D721A65C5}.Release|Any CPU.Build.0 = Release|Any CPU
	EndGlobalSection
	GlobalSection(SolutionProperties) = preSolution
		HideSolutionNode = FALSE
	EndGlobalSection
	GlobalSection(ExtensibilityGlobals) = postSolution
		SolutionGuid = {5FA27CA0-46EC-404D-B074-1A0280FA21FA}
	EndGlobalSection
EndGlobal
